
Microsoft Visual Studio Solution File, Format Version 12.00
# Visual Studio Version 16
VisualStudioVersion = 25.0.1703.6
MinimumVisualStudioVersion = 10.0.40219.1
Project("{FAE04EC0-301F-11D3-BF4B-00C04F79EFBC}") = "csharp-web-dev-exceptions", "csharp-web-dev-exceptions.csproj", "{B1E613FF-9A83-4875-81AD-8537DDDFCE0E}"
EndProject
Global
	GlobalSection(SolutionConfigurationPlatforms) = preSolution
		Debug|Any CPU = Debug|Any CPU
		Release|Any CPU = Release|Any CPU
	EndGlobalSection
	GlobalSection(ProjectConfigurationPlatforms) = postSolution
		{B1E613FF-9A83-4875-81AD-8537DDDFCE0E}.Debug|Any CPU.ActiveCfg = Debug|Any CPU
		{B1E613FF-9A83-4875-81AD-8537DDDFCE0E}.Debug|Any CPU.Build.0 = Debug|Any CPU
		{B1E613FF-9A83-4875-81AD-8537DDDFCE0E}.Release|Any CPU.ActiveCfg = Release|Any CPU
		{B1E613FF-9A83-4875-81AD-8537DDDFCE0E}.Release|Any CPU.Build.0 = Release|Any CPU
	EndGlobalSection
	GlobalSection(SolutionProperties) = preSolution
		HideSolutionNode = FALSE
	EndGlobalSection
	GlobalSection(ExtensibilityGlobals) = postSolution
		SolutionGuid = {28D40D3E-4831-4F20-BC01-19F7A776CFFF}
	EndGlobalSection
EndGlobal
